
Microsoft Visual Studio Solution File, Format Version 12.00
# Visual Studio Version 17
VisualStudioVersion = 17.14.36301.6 d17.14
MinimumVisualStudioVersion = 10.0.40219.1
Project("{FAE04EC0-301F-11D3-BF4B-00C04F79EFBC}") = "b2b-shop-demo-backend", "b2b-shop-demo-backend\b2b-shop-demo-backend.csproj", "{739EEAC9-7C73-42CA-A3DA-19A2D857E19B}"
EndProject
Global
	GlobalSection(SolutionConfigurationPlatforms) = preSolution
		Debug|Any CPU = Debug|Any CPU
		Release|Any CPU = Release|Any CPU
	EndGlobalSection
	GlobalSection(ProjectConfigurationPlatforms) = postSolution
		{739EEAC9-7C73-42CA-A3DA-19A2D857E19B}.Debug|Any CPU.ActiveCfg = Debug|Any CPU
		{739EEAC9-7C73-42CA-A3DA-19A2D857E19B}.Debug|Any CPU.Build.0 = Debug|Any CPU
		{739EEAC9-7C73-42CA-A3DA-19A2D857E19B}.Release|Any CPU.ActiveCfg = Release|Any CPU
		{739EEAC9-7C73-42CA-A3DA-19A2D857E19B}.Release|Any CPU.Build.0 = Release|Any CPU
	EndGlobalSection
	GlobalSection(SolutionProperties) = preSolution
		HideSolutionNode = FALSE
	EndGlobalSection
	GlobalSection(ExtensibilityGlobals) = postSolution
		SolutionGuid = {E2828C6D-F8CB-4986-A579-E066ABCF8245}
	EndGlobalSection
EndGlobal
